{
  "name": "dbo",
  "lockfileVersion": 3,
  "requires": true,
  "packages": {
    "": {
      "name": "dbo",
      "license": "MIT",
      "devDependencies": {
        "@biomejs/biome": "1.9.4",
        "@tauri-apps/cli": "^2.2.5",
        "lefthook": "^1.10.8"
      }
    },
    "node_modules/@biomejs/biome": {
      "version": "1.9.4",
      "resolved": "https://registry.npmjs.org/@biomejs/biome/-/biome-1.9.4.tgz",
      "integrity": "sha512-1rkd7G70+o9KkTn5KLmDYXihGoTaIGO9PIIN2ZB7UJxFrWw04CZHPYiMRjYsaDvVV7hP1dYNRLxSANLaBFGpog==",
      "dev": true,
      "hasInstallScript": true,
      "license": "MIT OR Apache-2.0",
      "bin": {
        "biome": "bin/biome"
      },
      "engines": {
        "node": ">=14.21.3"
      },
      "funding": {
        "type": "opencollective",
        "url": "https://opencollective.com/biome"
      },
      "optionalDependencies": {
        "@biomejs/cli-darwin-arm64": "1.9.4",
        "@biomejs/cli-darwin-x64": "1.9.4",
        "@biomejs/cli-linux-arm64": "1.9.4",
        "@biomejs/cli-linux-arm64-musl": "1.9.4",
        "@biomejs/cli-linux-x64": "1.9.4",
        "@biomejs/cli-linux-x64-musl": "1.9.4",
        "@biomejs/cli-win32-arm64": "1.9.4",
        "@biomejs/cli-win32-x64": "1.9.4"
      }
    },
    "node_modules/@biomejs/cli-darwin-arm64": {
      "version": "1.9.4",
      "resolved": "https://registry.npmjs.org/@biomejs/cli-darwin-arm64/-/cli-darwin-arm64-1.9.4.tgz",
      "integrity": "sha512-bFBsPWrNvkdKrNCYeAp+xo2HecOGPAy9WyNyB/jKnnedgzl4W4Hb9ZMzYNbf8dMCGmUdSavlYHiR01QaYR58cw==",
      "cpu": [
        "arm64"
      ],
      "dev": true,
      "license": "MIT OR Apache-2.0",
      "optional": true,
      "os": [
        "darwin"
      ],
      "engines": {
        "node": ">=14.21.3"
      }
    },
    "node_modules/@biomejs/cli-darwin-x64": {
      "version": "1.9.4",
      "resolved": "https://registry.npmjs.org/@biomejs/cli-darwin-x64/-/cli-darwin-x64-1.9.4.tgz",
      "integrity": "sha512-ngYBh/+bEedqkSevPVhLP4QfVPCpb+4BBe2p7Xs32dBgs7rh9nY2AIYUL6BgLw1JVXV8GlpKmb/hNiuIxfPfZg==",
      "cpu": [
        "x64"
      ],
      "dev": true,
      "license": "MIT OR Apache-2.0",
      "optional": true,
      "os": [
        "darwin"
      ],
      "engines": {
        "node": ">=14.21.3"
      }
    },
    "node_modules/@biomejs/cli-linux-arm64": {
      "version": "1.9.4",
      "resolved": "https://registry.npmjs.org/@biomejs/cli-linux-arm64/-/cli-linux-arm64-1.9.4.tgz",
      "integrity": "sha512-fJIW0+LYujdjUgJJuwesP4EjIBl/N/TcOX3IvIHJQNsAqvV2CHIogsmA94BPG6jZATS4Hi+xv4SkBBQSt1N4/g==",
      "cpu": [
        "arm64"
      ],
      "dev": true,
      "license": "MIT OR Apache-2.0",
      "optional": true,
      "os": [
        "linux"
      ],
      "engines": {
        "node": ">=14.21.3"
      }
    },
    "node_modules/@biomejs/cli-linux-arm64-musl": {
      "version": "1.9.4",
      "resolved": "https://registry.npmjs.org/@biomejs/cli-linux-arm64-musl/-/cli-linux-arm64-musl-1.9.4.tgz",
      "integrity": "sha512-v665Ct9WCRjGa8+kTr0CzApU0+XXtRgwmzIf1SeKSGAv+2scAlW6JR5PMFo6FzqqZ64Po79cKODKf3/AAmECqA==",
      "cpu": [
        "arm64"
      ],
      "dev": true,
      "license": "MIT OR Apache-2.0",
      "optional": true,
      "os": [
        "linux"
      ],
      "engines": {
        "node": ">=14.21.3"
      }
    },
    "node_modules/@biomejs/cli-linux-x64": {
      "version": "1.9.4",
      "resolved": "https://registry.npmjs.org/@biomejs/cli-linux-x64/-/cli-linux-x64-1.9.4.tgz",
      "integrity": "sha512-lRCJv/Vi3Vlwmbd6K+oQ0KhLHMAysN8lXoCI7XeHlxaajk06u7G+UsFSO01NAs5iYuWKmVZjmiOzJ0OJmGsMwg==",
      "cpu": [
        "x64"
      ],
      "dev": true,
      "license": "MIT OR Apache-2.0",
      "optional": true,
      "os": [
        "linux"
      ],
      "engines": {
        "node": ">=14.21.3"
      }
    },
    "node_modules/@biomejs/cli-linux-x64-musl": {
      "version": "1.9.4",
      "resolved": "https://registry.npmjs.org/@biomejs/cli-linux-x64-musl/-/cli-linux-x64-musl-1.9.4.tgz",
      "integrity": "sha512-gEhi/jSBhZ2m6wjV530Yy8+fNqG8PAinM3oV7CyO+6c3CEh16Eizm21uHVsyVBEB6RIM8JHIl6AGYCv6Q6Q9Tg==",
      "cpu": [
        "x64"
      ],
      "dev": true,
      "license": "MIT OR Apache-2.0",
      "optional": true,
      "os": [
        "linux"
      ],
      "engines": {
        "node": ">=14.21.3"
      }
    },
    "node_modules/@biomejs/cli-win32-arm64": {
      "version": "1.9.4",
      "resolved": "https://registry.npmjs.org/@biomejs/cli-win32-arm64/-/cli-win32-arm64-1.9.4.tgz",
      "integrity": "sha512-tlbhLk+WXZmgwoIKwHIHEBZUwxml7bRJgk0X2sPyNR3S93cdRq6XulAZRQJ17FYGGzWne0fgrXBKpl7l4M87Hg==",
      "cpu": [
        "arm64"
      ],
      "dev": true,
      "license": "MIT OR Apache-2.0",
      "optional": true,
      "os": [
        "win32"
      ],
      "engines": {
        "node": ">=14.21.3"
      }
    },
    "node_modules/@biomejs/cli-win32-x64": {
      "version": "1.9.4",
      "resolved": "https://registry.npmjs.org/@biomejs/cli-win32-x64/-/cli-win32-x64-1.9.4.tgz",
      "integrity": "sha512-8Y5wMhVIPaWe6jw2H+KlEm4wP/f7EW3810ZLmDlrEEy5KvBsb9ECEfu/kMWD484ijfQ8+nIi0giMgu9g1UAuuA==",
      "cpu": [
        "x64"
      ],
      "dev": true,
      "license": "MIT OR Apache-2.0",
      "optional": true,
      "os": [
        "win32"
      ],
      "engines": {
        "node": ">=14.21.3"
      }
    },
    "node_modules/@tauri-apps/cli": {
      "version": "2.2.5",
      "resolved": "https://registry.npmjs.org/@tauri-apps/cli/-/cli-2.2.5.tgz",
      "integrity": "sha512-PaefTQUCYYqvZWdH8EhXQkyJEjQwtoy/OHGoPcZx7Gk3D3K6AtGSxZ9OlHIz3Bu5LDGgVBk36vKtHW0WYsWnbw==",
      "dev": true,
      "license": "Apache-2.0 OR MIT",
      "bin": {
        "tauri": "tauri.js"
      },
      "engines": {
        "node": ">= 10"
      },
      "funding": {
        "type": "opencollective",
        "url": "https://opencollective.com/tauri"
      },
      "optionalDependencies": {
        "@tauri-apps/cli-darwin-arm64": "2.2.5",
        "@tauri-apps/cli-darwin-x64": "2.2.5",
        "@tauri-apps/cli-linux-arm-gnueabihf": "2.2.5",
        "@tauri-apps/cli-linux-arm64-gnu": "2.2.5",
        "@tauri-apps/cli-linux-arm64-musl": "2.2.5",
        "@tauri-apps/cli-linux-x64-gnu": "2.2.5",
        "@tauri-apps/cli-linux-x64-musl": "2.2.5",
        "@tauri-apps/cli-win32-arm64-msvc": "2.2.5",
        "@tauri-apps/cli-win32-ia32-msvc": "2.2.5",
        "@tauri-apps/cli-win32-x64-msvc": "2.2.5"
      }
    },
    "node_modules/@tauri-apps/cli-darwin-arm64": {
      "version": "2.2.5",
      "resolved": "https://registry.npmjs.org/@tauri-apps/cli-darwin-arm64/-/cli-darwin-arm64-2.2.5.tgz",
      "integrity": "sha512-qdPmypQE7qj62UJy3Wl/ccCJZwsv5gyBByOrAaG7u5c/PB3QSxhNPegice2k4EHeIuApaVJOoe/CEYVgm/og2Q==",
      "cpu": [
        "arm64"
      ],
      "dev": true,
      "license": "Apache-2.0 OR MIT",
      "optional": true,
      "os": [
        "darwin"
      ],
      "engines": {
        "node": ">= 10"
      }
    },
    "node_modules/@tauri-apps/cli-darwin-x64": {
      "version": "2.2.5",
      "resolved": "https://registry.npmjs.org/@tauri-apps/cli-darwin-x64/-/cli-darwin-x64-2.2.5.tgz",
      "integrity": "sha512-8JVlCAb2c3n0EcGW7n/1kU4Rq831SsoLDD/0hNp85Um8HGIH2Mg/qos/MLOc8Qv2mOaoKcRKf4hd0I1y0Rl9Cg==",
      "cpu": [
        "x64"
      ],
      "dev": true,
      "license": "Apache-2.0 OR MIT",
      "optional": true,
      "os": [
        "darwin"
      ],
      "engines": {
        "node": ">= 10"
      }
    },
    "node_modules/@tauri-apps/cli-linux-arm-gnueabihf": {
      "version": "2.2.5",
      "resolved": "https://registry.npmjs.org/@tauri-apps/cli-linux-arm-gnueabihf/-/cli-linux-arm-gnueabihf-2.2.5.tgz",
      "integrity": "sha512-mzxQCqZg7ljRVgekPpXQ5TOehCNgnXh/DNWU6kFjALaBvaw4fGzc369/hV94wOt29htNFyxf8ty2DaQaYljEHw==",
      "cpu": [
        "arm"
      ],
      "dev": true,
      "license": "Apache-2.0 OR MIT",
      "optional": true,
      "os": [
        "linux"
      ],
      "engines": {
        "node": ">= 10"
      }
    },
    "node_modules/@tauri-apps/cli-linux-arm64-gnu": {
      "version": "2.2.5",
      "resolved": "https://registry.npmjs.org/@tauri-apps/cli-linux-arm64-gnu/-/cli-linux-arm64-gnu-2.2.5.tgz",
      "integrity": "sha512-M9nkzx5jsSJSNpp7aSza0qv0/N13SUNzH8ysYSZ7IaCN8coGeMg2KgQ5qC6tqUVij2rbg8A/X1n0pPo/gtLx0A==",
      "cpu": [
        "arm64"
      ],
      "dev": true,
      "license": "Apache-2.0 OR MIT",
      "optional": true,
      "os": [
        "linux"
      ],
      "engines": {
        "node": ">= 10"
      }
    },
    "node_modules/@tauri-apps/cli-linux-arm64-musl": {
      "version": "2.2.5",
      "resolved": "https://registry.npmjs.org/@tauri-apps/cli-linux-arm64-musl/-/cli-linux-arm64-musl-2.2.5.tgz",
      "integrity": "sha512-tFhZu950HNRLR1RM5Q9Xj5gAlA6AhyyiZgeoXGFAWto+s2jpWmmA3Qq2GUxnVDr7Xui8PF4UY5kANDIOschuwg==",
      "cpu": [
        "arm64"
      ],
      "dev": true,
      "license": "Apache-2.0 OR MIT",
      "optional": true,
      "os": [
        "linux"
      ],
      "engines": {
        "node": ">= 10"
      }
    },
    "node_modules/@tauri-apps/cli-linux-x64-gnu": {
      "version": "2.2.5",
      "resolved": "https://registry.npmjs.org/@tauri-apps/cli-linux-x64-gnu/-/cli-linux-x64-gnu-2.2.5.tgz",
      "integrity": "sha512-eaGhTQLr3EKeksGsp2tK/Ndi7/oyo3P53Pye6kg0zqXiqu8LQjg1CgvDm1l+5oit04S60zR4AqlDFpoeEtDGgw==",
      "cpu": [
        "x64"
      ],
      "dev": true,
      "license": "Apache-2.0 OR MIT",
      "optional": true,
      "os": [
        "linux"
      ],
      "engines": {
        "node": ">= 10"
      }
    },
    "node_modules/@tauri-apps/cli-linux-x64-musl": {
      "version": "2.2.5",
      "resolved": "https://registry.npmjs.org/@tauri-apps/cli-linux-x64-musl/-/cli-linux-x64-musl-2.2.5.tgz",
      "integrity": "sha512-NLAO/SymDxeGuOWWQZCpwoED1K1jaHUvW+u9ip+rTetnxFPLvf3zXthx4QVKfCZLdj2WLQz4cLjHyQdMDXAM+w==",
      "cpu": [
        "x64"
      ],
      "dev": true,
      "license": "Apache-2.0 OR MIT",
      "optional": true,
      "os": [
        "linux"
      ],
      "engines": {
        "node": ">= 10"
      }
    },
    "node_modules/@tauri-apps/cli-win32-arm64-msvc": {
      "version": "2.2.5",
      "resolved": "https://registry.npmjs.org/@tauri-apps/cli-win32-arm64-msvc/-/cli-win32-arm64-msvc-2.2.5.tgz",
      "integrity": "sha512-yG5KFbqrHfGjkAQAaaCD4i7cJklBjmMxZ2C92DEnqCOujSsEuLxrwwoKxQ4+hqEHOmF3lyX0vfqhgZcS03H38w==",
      "cpu": [
        "arm64"
      ],
      "dev": true,
      "license": "Apache-2.0 OR MIT",
      "optional": true,
      "os": [
        "win32"
      ],
      "engines": {
        "node": ">= 10"
      }
    },
    "node_modules/@tauri-apps/cli-win32-ia32-msvc": {
      "version": "2.2.5",
      "resolved": "https://registry.npmjs.org/@tauri-apps/cli-win32-ia32-msvc/-/cli-win32-ia32-msvc-2.2.5.tgz",
      "integrity": "sha512-G5lq+2EdxOc8ttg3uhME5t9U3hMGTxwaKz0X4DplTG2Iv4lcNWqw/AESIJVHa5a+EB+ZCC8I+yOfIykp/Cd5mQ==",
      "cpu": [
        "ia32"
      ],
      "dev": true,
      "license": "Apache-2.0 OR MIT",
      "optional": true,
      "os": [
        "win32"
      ],
      "engines": {
        "node": ">= 10"
      }
    },
    "node_modules/@tauri-apps/cli-win32-x64-msvc": {
      "version": "2.2.5",
      "resolved": "https://registry.npmjs.org/@tauri-apps/cli-win32-x64-msvc/-/cli-win32-x64-msvc-2.2.5.tgz",
      "integrity": "sha512-vw4fPVOo0rIQIlqw6xUvK2nwiRFBHNgayDE2Z/SomJlQJAJ1q4VgpHOPl12ouuicmTjK1gWKm7RTouQe3Nig0Q==",
      "cpu": [
        "x64"
      ],
      "dev": true,
      "license": "Apache-2.0 OR MIT",
      "optional": true,
      "os": [
        "win32"
      ],
      "engines": {
        "node": ">= 10"
      }
    },
    "node_modules/lefthook": {
      "version": "1.10.8",
      "resolved": "https://registry.npmjs.org/lefthook/-/lefthook-1.10.8.tgz",
      "integrity": "sha512-yJM97cNPH7zYbLUJ8G2LGhJbSRd66mv5BVeryLiEsmXER3vz4wGtiLJEYRwveSEZetOMBgAlVBIZEfuxJGsjIA==",
      "dev": true,
      "hasInstallScript": true,
      "license": "MIT",
      "bin": {
        "lefthook": "bin/index.js"
      },
      "optionalDependencies": {
        "lefthook-darwin-arm64": "1.10.8",
        "lefthook-darwin-x64": "1.10.8",
        "lefthook-freebsd-arm64": "1.10.8",
        "lefthook-freebsd-x64": "1.10.8",
        "lefthook-linux-arm64": "1.10.8",
        "lefthook-linux-x64": "1.10.8",
        "lefthook-openbsd-arm64": "1.10.8",
        "lefthook-openbsd-x64": "1.10.8",
        "lefthook-windows-arm64": "1.10.8",
        "lefthook-windows-x64": "1.10.8"
      }
    },
    "node_modules/lefthook-darwin-arm64": {
      "version": "1.10.8",
      "resolved": "https://registry.npmjs.org/lefthook-darwin-arm64/-/lefthook-darwin-arm64-1.10.8.tgz",
      "integrity": "sha512-uE5oLjWuANaAyv6KQoWWGacZgKq5zGd3UmkWLE2OSSrZbgSdTz1R6Uios2yMXrGDptBX9PDWp9SNcHPhEoQlNw==",
      "cpu": [
        "arm64"
      ],
      "dev": true,
      "license": "MIT",
      "optional": true,
      "os": [
        "darwin"
      ]
    },
    "node_modules/lefthook-darwin-x64": {
      "version": "1.10.8",
      "resolved": "https://registry.npmjs.org/lefthook-darwin-x64/-/lefthook-darwin-x64-1.10.8.tgz",
      "integrity": "sha512-502vfNdfJIDxLQKtlS3TbnM54PrV5wcssVvbDEnkLLjyrEImOZ3lVz3cqrT42KvFYFqgarrhII9jigqUxnLuSQ==",
      "cpu": [
        "x64"
      ],
      "dev": true,
      "license": "MIT",
      "optional": true,
      "os": [
        "darwin"
      ]
    },
    "node_modules/lefthook-freebsd-arm64": {
      "version": "1.10.8",
      "resolved": "https://registry.npmjs.org/lefthook-freebsd-arm64/-/lefthook-freebsd-arm64-1.10.8.tgz",
      "integrity": "sha512-xkqxIxEnFK9zyN3F3Lc11/byuYAR5z7FJBH5UTb2Wnxob7BwYfB0gXBcw3gKEYZiwHFNlyJQimndc7QWZ7y4kw==",
      "cpu": [
        "arm64"
      ],
      "dev": true,
      "license": "MIT",
      "optional": true,
      "os": [
        "freebsd"
      ]
    },
    "node_modules/lefthook-freebsd-x64": {
      "version": "1.10.8",
      "resolved": "https://registry.npmjs.org/lefthook-freebsd-x64/-/lefthook-freebsd-x64-1.10.8.tgz",
      "integrity": "sha512-hCErafcyykVCIMb/6hzredNQ1ogDcz07lphf0k0eGUbr94XK7IUOkQwD++XOAijOHknkzS1V9WvjV1lrhGYtUA==",
      "cpu": [
        "x64"
      ],
      "dev": true,
      "license": "MIT",
      "optional": true,
      "os": [
        "freebsd"
      ]
    },
    "node_modules/lefthook-linux-arm64": {
      "version": "1.10.8",
      "resolved": "https://registry.npmjs.org/lefthook-linux-arm64/-/lefthook-linux-arm64-1.10.8.tgz",
      "integrity": "sha512-YFqT/hj+nzTTwzaDSdmYGKvpZI6/Wt3Id6+6gEU8VMAojXOe9rWAXitfoiDXW1TNPzpHqwyGnjOCcjquF1umkw==",
      "cpu": [
        "arm64"
      ],
      "dev": true,
      "license": "MIT",
      "optional": true,
      "os": [
        "linux"
      ]
    },
    "node_modules/lefthook-linux-x64": {
      "version": "1.10.8",
      "resolved": "https://registry.npmjs.org/lefthook-linux-x64/-/lefthook-linux-x64-1.10.8.tgz",
      "integrity": "sha512-nOARm1gE0EeMSEHaulpFDPnIqlQFPsFnaSkmCK2gWXG5jBbRtMr4BcJLDPzsekDKxskr5mZwlPQ2fFW3B/jiCA==",
      "cpu": [
        "x64"
      ],
      "dev": true,
      "license": "MIT",
      "optional": true,
      "os": [
        "linux"
      ]
    },
    "node_modules/lefthook-openbsd-arm64": {
      "version": "1.10.8",
      "resolved": "https://registry.npmjs.org/lefthook-openbsd-arm64/-/lefthook-openbsd-arm64-1.10.8.tgz",
      "integrity": "sha512-6cUokm4Dd5OMNewVWIV9bM+nebBOrImCAOjbdfCEW4hhtIRvr6XZirHu0BVJM/I5Ed0MjiAme+L6yV7LW68HAA==",
      "cpu": [
        "arm64"
      ],
      "dev": true,
      "license": "MIT",
      "optional": true,
      "os": [
        "openbsd"
      ]
    },
    "node_modules/lefthook-openbsd-x64": {
      "version": "1.10.8",
      "resolved": "https://registry.npmjs.org/lefthook-openbsd-x64/-/lefthook-openbsd-x64-1.10.8.tgz",
      "integrity": "sha512-659TblZOM7pV9ImSRjpMQSynA5L1DTcoS37TJN7Y/84O3pXhKYAN1Lm5EJFZQ1dBMEJDeAD/L1V98RWqnFx/gw==",
      "cpu": [
        "x64"
      ],
      "dev": true,
      "license": "MIT",
      "optional": true,
      "os": [
        "openbsd"
      ]
    },
    "node_modules/lefthook-windows-arm64": {
      "version": "1.10.8",
      "resolved": "https://registry.npmjs.org/lefthook-windows-arm64/-/lefthook-windows-arm64-1.10.8.tgz",
      "integrity": "sha512-g5O44F+Mo0n2RzXL7A9g0TM5VA60OWWw7CPNLi42qOniv1t6/43glxB7bmKalrLAznFR5UbyiLMmO6ospDXctg==",
      "cpu": [
        "arm64"
      ],
      "dev": true,
      "license": "MIT",
      "optional": true,
      "os": [
        "win32"
      ]
    },
    "node_modules/lefthook-windows-x64": {
      "version": "1.10.8",
      "resolved": "https://registry.npmjs.org/lefthook-windows-x64/-/lefthook-windows-x64-1.10.8.tgz",
      "integrity": "sha512-PZ72IXi29MdOCNZZvqRrBONMfe4DZU3GVowotLfHo4U/1oTTd2LImJitm0qbFjf9kCtRHLkD4K/l7ZgV4gsxtA==",
      "cpu": [
        "x64"
      ],
      "dev": true,
      "license": "MIT",
      "optional": true,
      "os": [
        "win32"
      ]
    }
  }
}
